{
    "_meta": {
        "hash": {
            "sha256": "b43a47c8f95f6b38b3bc3d82badc0843192bf1ae80172f9130d3cedcb8a91b9f"
        },
        "pipfile-spec": 6,
        "requires": {
            "python_version": "3.10"
        },
        "sources": [
            {
                "name": "pypi",
                "url": "https://pypi.org/simple",
                "verify_ssl": true
            }
        ]
    },
    "default": {
        "cython": {
            "hashes": [
                "sha256:011c4e0b75baee1843334562487eb4fbc0c59ddb2cc32a978b972a81eedcbdcc",
                "sha256:05cb2a73810f045d328b7579cf98f550a9e601df5e282d1fea0512d8ad589011",
                "sha256:067b2b9eb487bd61367b296f11b7c1c70a084b3eb7d5a572f607cd1fc5ca5586",
                "sha256:08d67c7225a09eeb77e090c8d4f60677165b052ccf76e3a57d8237064e5c2de2",
                "sha256:10cbfb37f31938371a6213cc8b5459c639954aed053efeded3c012d4c5915db9",
                "sha256:147cc1d3dda8b06de9d86df5e59cdf15f0a522620168b7349a5ec88b48104d7d",
                "sha256:1b12a8f23270675b537d1c3b988f845bea4bbcc66ae0468857f5ede0526d4522",
                "sha256:213ff9f95de319e54b520bf31edd6aa7a1fa4fbf617c2beb0f92362595e6476a",
                "sha256:22ba78e48bdb65977928ecb275ac8c82df7b0eefa075078a1363a5af4606b42e",
                "sha256:2f84bd6cefa5130750c492038170c44f1cbd6f42e9ed85e168fd9cb453f85160",
                "sha256:302281b927409b3e0ef8cd9251eab782cf1acd2578eab305519fbae5d184b7e9",
                "sha256:34f7b014ebce5d325c8084e396c81cdafbd8d82be56780dffe6b67b28c891f1b",
                "sha256:38085523fa7a299638d051ae08144222785639882f6291bd275c0b12db1034ff",
                "sha256:477cd3549597f09a1608da7b05e16ba641e9aedd171b868533a5a07790ed886f",
                "sha256:4bebbca13078125a35937966137af4bd0300a0c66fd7ae4ce36adc049b13bdf3",
                "sha256:4db017b104f47b1185237702f6ed2651839c8124614683efa7c489f3fa4e19d9",
                "sha256:4dca13c86d6cd523c7d8bbf8db1b2bbf8faedd0addedb229158d8015ad1819e1",
                "sha256:4fe806d154b6b7f0ab746dac36c022889e2e7cf47546ff9afdc29a62cfa692d0",
                "sha256:54d41a1dfbaab74449873e7f8e6cd4239850fe7a50f7f784dd99a560927f3bac",
                "sha256:550b3fbe9b3c555b44ded934f4822f9fcc04dfcee512167ebcbbd370ccede20e",
                "sha256:5682293d344b7dbad97ce6eceb9e887aca6e53499709db9da726ca3424e5559d",
                "sha256:62dd78afdf748a58dae9c9b9c42a1519ae30787b28ce5f84a0e1bb54144142ca",
                "sha256:6b75e9c9d7ad7c9dd85d45241d1d4e3c5f66079c1f84eec91689c26d98bc3349",
                "sha256:75a2395cc7b78cff59be6e9b7f92bbb5d7b8d25203f6d3fb6f72bdb7d3f49777",
                "sha256:77ec0134fc1b10aebef2013936a91c07bff2498ec283bc2eca099ee0cb94d12e",
                "sha256:786b6034a91e886116bb562fe42f8bf0f97c3e00c02e56791d02675959ed65b1",
                "sha256:78e2853d484643c6b7ac3bdb48392753442da1c71b689468fa3176b619bebe54",
                "sha256:7e08ff5da5f5b969639784b1bffcd880a0c0f048d182aed7cba9945ee8b367c2",
                "sha256:7f43c4d3ecd9e3b8b7afe834e519f55cf4249b1088f96d11b96f02c55cbaeff7",
                "sha256:809617cf4825b2138ce0ec827e1f28e39668743c81ac8286373f8d148c05f088",
                "sha256:832bbee87bca760efeae248ddf19ccd77f9a2355cb6f8a64f20cc377e56957b3",
                "sha256:8850269ff59f77a1629e26d0576701925360d732011d6d3516ccdc5b2c2bc310",
                "sha256:8948504338d7a140ce588333177dcabf0743a68dbc83b0174f214f5b959634d5",
                "sha256:8ccb91d2254e34724f1541b2a6fcdfacdb88284185b0097ae84e0ddf476c7a38",
                "sha256:8f1c9e4b8e413da211dd7942440cf410ff0eafb081309e04e81f4fafbb146bf2",
                "sha256:9594818dca8bb22ae6580c5222da2bc5cc32334350bd2d294a00d8669bcc61b5",
                "sha256:989787fc24a95100a26918b6577d06e15a8868a3ed267009c5cfcf1a906179ac",
                "sha256:9e625eec8c5c9a8cb062a318b257cc469d301bed952c7daf86e38bbd3afe7c91",
                "sha256:a1c3675394b81024aaf56e4f53c2b4f81d9a116c7049e9d4706f810899c9134e",
                "sha256:a49dde9f9e29ea82f29aaf3bb1a270b6eb90b75d627c7ff2f5dd3764540ae646",
                "sha256:a51efba0e136b2af358e5a347bae09678b17460c35cf1eab24f0476820348991",
                "sha256:ae453cfa933b919c0a19d2cc5dc9fb28486268e95dc2ab7a11ab7f99cf8c3883",
                "sha256:b032cb0c69082f0665b2c5fb416d041157062f1538336d0edf823b9ee500e39c",
                "sha256:b1f023d36a3829069ed11017c670128be3f135a9c17bd64c35d3b3442243b05c",
                "sha256:bc1c8013fad0933f5201186eccc5f2be223cafd6a8dcd586d3f7bb6ba84dc845",
                "sha256:c298b1589205ecaaed0457ad05e0c8a43e7db2053607f48ed4a899cb6aa114df",
                "sha256:c5e722732e9aa9bde667ed6d87525234823eb7766ca234cfb19d7e0c095a2ef4",
                "sha256:c90eeb94395315e65fd758a2f86b92904fce7b50060b4d45a878ef6767f9276e",
                "sha256:cc9d173ab8b167cae674f6deed8c65ba816574797a2bd6d8aa623277d1fa81ca",
                "sha256:d0d0cc4ecc05f41c5e02af14ac0083552d22efed976f79eb7bade55fed63b25d",
                "sha256:d21801981db44b7e9f9768f121317946461d56b51de1e6eff3c42e8914048696",
                "sha256:d5e5587128e8c2423aefcffa4ded4ddf60d44898938fbb7c0f236636a750a94f",
                "sha256:dab6a923e21e212aa3dc6dde9b22a190f5d7c449315a94e57ddc019ea74a979b",
                "sha256:dd30826ca8b27b2955a63c8ffe8aacc9f0779582b4bd154cf7b441ac10dae2cb",
                "sha256:e486331a29e7700b1ad5f4f753bef483c81412a5e64a873df46d6cb66f9a65de",
                "sha256:e663c237579c033deaa2cb362b74651da7712f56e441c11382510a8c4c4f2dd7",
                "sha256:e825e682cef76d0c33384f38b56b7e87c76152482a914dfc78faed6ff66ce05a",
                "sha256:f37e4287f520f3748a06ad5eaae09ba4ac68f52e155d70de5f75780d83575c43"
            ],
            "index": "pypi",
            "version": "==3.0.2"
        },
        "falcon": {
            "hashes": [
                "sha256:00e6c6b3ec846193cfd30be26b10dbb7cc31ee3442f80f1d5ffd14c410619156",
                "sha256:016fe952a526045292fb591f4c724d5fdf4127e88d0369e2dc147925dc51835c",
                "sha256:10ff3080aebe84fb45955cb02375ce13b6a3556c73edad282325eb67aeb42a46",
                "sha256:13121ab6a86597ec849e397272662f5cafcbe534e12c01e2913035fe4120dcd1",
                "sha256:1b8dfce6c379ba14d962abf479137258c694017752bc5b585ab366e2e8106a3e",
                "sha256:1cf50b9a2dcf9c8f6ae8de94e2e6ac082449380784fb9d1a1fc80fade052aead",
                "sha256:1d9c3dc6c5a8a2f2c3f1fd433a6b4e4bcef22c52166b91e2d6d985fbcadcc62b",
                "sha256:271fa0c4b0634e4e238dc7c2fcd57be5f9dd0f200553e46677ff704f6a8090e6",
                "sha256:2abecd50121ed969fa34d5c035a340ee4b21afc84dcd354acd548ab2edcc67b2",
                "sha256:394e16249d9b61dcdbb6653311c4a208f9fc68b696d0123d29f781fbd338cfd4",
                "sha256:550566250ac2bc0418075f2ad177b7e01adef1815459c2d962e579dff07162fb",
                "sha256:5af63f2d7f509353552b2436501449065f30f27542d1e58c864656bd3a7a9ef1",
                "sha256:5dd393dbf01cbaf99493893de4832121bd495dc49a46c571915b79c59aad7ef4",
                "sha256:6245344fab1a7faeb9267c75b8f4fd6c4bda35e1a2fe8f547b832b547c7f2128",
                "sha256:66d937b7b796b68640d63e006e475d9268f68dfb3f1468415259507db72ee065",
                "sha256:686a0167af40565a2057f3902a9fb8f15a423ad17a80c9caee932b668478c9ad",
                "sha256:6fbc130a12e35ca76d782201af7a558ac57d4e5e66ba3a8017f5a3baaed64f8b",
                "sha256:762854cc9f13082166c166c93fd6f2178ba1787170bacee9a4b37fab412f602e",
                "sha256:7a7ecb8eafada89389c19eda44811e14786599c1d86c6cffa58c65150b24bc43",
                "sha256:8a5fa02feaf67a2bd0407201dfec92edb0eee59803c3e1e717cfa5a2232ffc77",
                "sha256:8fc0ef213d6e66bb997d172ceaa04f6daa309cac47e2fcd4320234806c806467",
                "sha256:a7e6e1e6af16d1055454eaed5ceaceabca97656b28a8a924b426fbf0e26ec0f0",
                "sha256:b7aab2dd6683437d8739a0cc9d6ab6542f48e05445a0138b356f63983a7c98fe",
                "sha256:b8302953d72405750450d4f8b7651dc6c5a5199dbb104b598036818f917b1d8c",
                "sha256:bec014dc19a38d5a525ab948a8eccc885f28d2611bdf3f73842fadc44b185702",
                "sha256:ca798f3240283a89881209dfa8eb20e2eaf8d01c50b33be5f70865c0902577ec",
                "sha256:d53dabcf8212c38137e40a61795e312224dc7a437b03d7fb0a1b0dc3ed8d4b5b",
                "sha256:f049eeeeea08e0a5fbb87d1fe131f85c7a0310c3a0a4226146463709fbfe12eb",
                "sha256:f187040b6632ed434c3f6bcedb98fb6559973123d1799e77718502d2b693701e",
                "sha256:f6e3c42f3c20af33c040affe0a3e8cd358153304b48eb441adfd261c3bfd51d3",
                "sha256:fd1eaf1a5d9d936f29f9aca3f268cf375621d1ffcbf27a6e14c187b489bf5f26",
                "sha256:ff2eaf9807ea357ced1cc60e1d2871f55aa6ea29162386efb95fb4e5a730e6de"
            ],
            "index": "pypi",
            "version": "==3.1.1"
        }
    },
    "develop": {}
}
